
Microsoft Visual Studio Solution File, Format Version 12.00
# Visual Studio Version 17
VisualStudioVersion = 17.5.33516.290
MinimumVisualStudioVersion = 10.0.40219.1
Project("{9A19103F-16F7-4668-BE54-9A1E7A4F7556}") = "AspNewsAPI", "AspNewsAPI.csproj", "{3321F50C-8C99-4B98-8D32-1C96C19827DD}"
EndProject
Global
	GlobalSection(SolutionConfigurationPlatforms) = preSolution
		Debug|Any CPU = Debug|Any CPU
		Release|Any CPU = Release|Any CPU
	EndGlobalSection
	GlobalSection(ProjectConfigurationPlatforms) = postSolution
		{3321F50C-8C99-4B98-8D32-1C96C19827DD}.Debug|Any CPU.ActiveCfg = Debug|Any CPU
		{3321F50C-8C99-4B98-8D32-1C96C19827DD}.Debug|Any CPU.Build.0 = Debug|Any CPU
		{3321F50C-8C99-4B98-8D32-1C96C19827DD}.Release|Any CPU.ActiveCfg = Release|Any CPU
		{3321F50C-8C99-4B98-8D32-1C96C19827DD}.Release|Any CPU.Build.0 = Release|Any CPU
	EndGlobalSection
	GlobalSection(SolutionProperties) = preSolution
		HideSolutionNode = FALSE
	EndGlobalSection
	GlobalSection(ExtensibilityGlobals) = postSolution
		SolutionGuid = {49B68FD5-1007-4777-8463-743052C8EAAC}
	EndGlobalSection
EndGlobal
